
Microsoft Visual Studio Solution File, Format Version 12.00
# Visual Studio Version 17
VisualStudioVersion = 17.0.31903.59
MinimumVisualStudioVersion = 10.0.40219.1
Project("{2150E333-8FDC-42A3-9474-1A3956D46DE8}") = "src", "src", "{91587940-E5FE-4725-AC24-A112B3176499}"
EndProject
Project("{FAE04EC0-301F-11D3-BF4B-00C04F79EFBC}") = "Email-Sender", "src\Email-Sender\Email-Sender.csproj", "{A5FC15DC-281C-4AF1-BA63-AD783AF2EEA2}"
EndProject
Project("{FAE04EC0-301F-11D3-BF4B-00C04F79EFBC}") = "Gateway", "src\Gateway\Gateway.csproj", "{EB716AFB-A04C-4E78-94A7-7CA0AEBDA0F7}"
EndProject
Project("{FAE04EC0-301F-11D3-BF4B-00C04F79EFBC}") = "Identity", "src\Identity\Identity.csproj", "{1197385F-2581-49DB-AE62-F1360BCFB559}"
EndProject
Project("{FAE04EC0-301F-11D3-BF4B-00C04F79EFBC}") = "Payment", "src\Payment\Payment.csproj", "{E8DDFFBB-2CE8-40D7-B8F5-C5371281F75B}"
EndProject
Project("{FAE04EC0-301F-11D3-BF4B-00C04F79EFBC}") = "Scooter-Controller", "src\Scooter-Controller\Scooter-Controller.csproj", "{3C1A21F4-E70F-45AF-9EA9-2839C51C016D}"
EndProject
Project("{2150E333-8FDC-42A3-9474-1A3956D46DE8}") = "tests", "tests", "{7914A753-56E6-4A2D-8A82-5AD6EEC0CE94}"
EndProject
Project("{FAE04EC0-301F-11D3-BF4B-00C04F79EFBC}") = "Email-Sender", "tests\Email-Sender\Email-Sender.csproj", "{0AFD4577-5085-4EAF-8B6E-05C03E3C7013}"
EndProject
Project("{FAE04EC0-301F-11D3-BF4B-00C04F79EFBC}") = "Gateway", "tests\Gateway\Gateway.csproj", "{D8B31EC9-8741-4D96-A426-63BCA2F6D0D8}"
EndProject
Project("{FAE04EC0-301F-11D3-BF4B-00C04F79EFBC}") = "Identity", "tests\Identity\Identity.csproj", "{84B00E2C-4486-489C-AD03-D3B24427458E}"
EndProject
Project("{FAE04EC0-301F-11D3-BF4B-00C04F79EFBC}") = "Payment", "tests\Payment\Payment.csproj", "{1D830E48-8E97-4B94-9979-26C9430D80C6}"
EndProject
Project("{FAE04EC0-301F-11D3-BF4B-00C04F79EFBC}") = "Scooter-Controller", "tests\Scooter-Controller\Scooter-Controller.csproj", "{1FAABCD5-6749-41B7-9337-FEAF749ABBF5}"
EndProject
Project("{FAE04EC0-301F-11D3-BF4B-00C04F79EFBC}") = "PasswordGenerator", "src\PasswordGenerator\PasswordGenerator.csproj", "{F7FC07DB-87D9-474A-85CF-279439F088B4}"
EndProject
Project("{FAE04EC0-301F-11D3-BF4B-00C04F79EFBC}") = "Password-Generator", "tests\Password-Generator\Password-Generator.csproj", "{0AA48AE1-8BE8-4014-A940-7675E5C23FAB}"
EndProject
Project("{FAE04EC0-301F-11D3-BF4B-00C04F79EFBC}") = "Order", "src\Order\Order.csproj", "{4F33254E-D5C2-46DC-AB1E-C5B87AD81CEC}"
EndProject
Project("{FAE04EC0-301F-11D3-BF4B-00C04F79EFBC}") = "Order", "tests\Order\Order.csproj", "{D518A72C-75F3-4DD0-BA5C-B63DD4FDDB98}"
EndProject
Project("{FAE04EC0-301F-11D3-BF4B-00C04F79EFBC}") = "FreeScooters", "src\FreeScooters\FreeScooters.csproj", "{88C5BB6B-D8C3-496E-9CEE-7B1E1D71B91E}"
EndProject
Global
	GlobalSection(SolutionConfigurationPlatforms) = preSolution
		Debug|Any CPU = Debug|Any CPU
		Release|Any CPU = Release|Any CPU
	EndGlobalSection
	GlobalSection(SolutionProperties) = preSolution
		HideSolutionNode = FALSE
	EndGlobalSection
	GlobalSection(ProjectConfigurationPlatforms) = postSolution
		{A5FC15DC-281C-4AF1-BA63-AD783AF2EEA2}.Debug|Any CPU.ActiveCfg = Debug|Any CPU
		{A5FC15DC-281C-4AF1-BA63-AD783AF2EEA2}.Debug|Any CPU.Build.0 = Debug|Any CPU
		{A5FC15DC-281C-4AF1-BA63-AD783AF2EEA2}.Release|Any CPU.ActiveCfg = Release|Any CPU
		{A5FC15DC-281C-4AF1-BA63-AD783AF2EEA2}.Release|Any CPU.Build.0 = Release|Any CPU
		{EB716AFB-A04C-4E78-94A7-7CA0AEBDA0F7}.Debug|Any CPU.ActiveCfg = Debug|Any CPU
		{EB716AFB-A04C-4E78-94A7-7CA0AEBDA0F7}.Debug|Any CPU.Build.0 = Debug|Any CPU
		{EB716AFB-A04C-4E78-94A7-7CA0AEBDA0F7}.Release|Any CPU.ActiveCfg = Release|Any CPU
		{EB716AFB-A04C-4E78-94A7-7CA0AEBDA0F7}.Release|Any CPU.Build.0 = Release|Any CPU
		{1197385F-2581-49DB-AE62-F1360BCFB559}.Debug|Any CPU.ActiveCfg = Debug|Any CPU
		{1197385F-2581-49DB-AE62-F1360BCFB559}.Debug|Any CPU.Build.0 = Debug|Any CPU
		{1197385F-2581-49DB-AE62-F1360BCFB559}.Release|Any CPU.ActiveCfg = Release|Any CPU
		{1197385F-2581-49DB-AE62-F1360BCFB559}.Release|Any CPU.Build.0 = Release|Any CPU
		{E8DDFFBB-2CE8-40D7-B8F5-C5371281F75B}.Debug|Any CPU.ActiveCfg = Debug|Any CPU
		{E8DDFFBB-2CE8-40D7-B8F5-C5371281F75B}.Debug|Any CPU.Build.0 = Debug|Any CPU
		{E8DDFFBB-2CE8-40D7-B8F5-C5371281F75B}.Release|Any CPU.ActiveCfg = Release|Any CPU
		{E8DDFFBB-2CE8-40D7-B8F5-C5371281F75B}.Release|Any CPU.Build.0 = Release|Any CPU
		{3C1A21F4-E70F-45AF-9EA9-2839C51C016D}.Debug|Any CPU.ActiveCfg = Debug|Any CPU
		{3C1A21F4-E70F-45AF-9EA9-2839C51C016D}.Debug|Any CPU.Build.0 = Debug|Any CPU
		{3C1A21F4-E70F-45AF-9EA9-2839C51C016D}.Release|Any CPU.ActiveCfg = Release|Any CPU
		{3C1A21F4-E70F-45AF-9EA9-2839C51C016D}.Release|Any CPU.Build.0 = Release|Any CPU
		{0AFD4577-5085-4EAF-8B6E-05C03E3C7013}.Debug|Any CPU.ActiveCfg = Debug|Any CPU
		{0AFD4577-5085-4EAF-8B6E-05C03E3C7013}.Debug|Any CPU.Build.0 = Debug|Any CPU
		{0AFD4577-5085-4EAF-8B6E-05C03E3C7013}.Release|Any CPU.ActiveCfg = Release|Any CPU
		{0AFD4577-5085-4EAF-8B6E-05C03E3C7013}.Release|Any CPU.Build.0 = Release|Any CPU
		{D8B31EC9-8741-4D96-A426-63BCA2F6D0D8}.Debug|Any CPU.ActiveCfg = Debug|Any CPU
		{D8B31EC9-8741-4D96-A426-63BCA2F6D0D8}.Debug|Any CPU.Build.0 = Debug|Any CPU
		{D8B31EC9-8741-4D96-A426-63BCA2F6D0D8}.Release|Any CPU.ActiveCfg = Release|Any CPU
		{D8B31EC9-8741-4D96-A426-63BCA2F6D0D8}.Release|Any CPU.Build.0 = Release|Any CPU
		{84B00E2C-4486-489C-AD03-D3B24427458E}.Debug|Any CPU.ActiveCfg = Debug|Any CPU
		{84B00E2C-4486-489C-AD03-D3B24427458E}.Debug|Any CPU.Build.0 = Debug|Any CPU
		{84B00E2C-4486-489C-AD03-D3B24427458E}.Release|Any CPU.ActiveCfg = Release|Any CPU
		{84B00E2C-4486-489C-AD03-D3B24427458E}.Release|Any CPU.Build.0 = Release|Any CPU
		{1D830E48-8E97-4B94-9979-26C9430D80C6}.Debug|Any CPU.ActiveCfg = Debug|Any CPU
		{1D830E48-8E97-4B94-9979-26C9430D80C6}.Debug|Any CPU.Build.0 = Debug|Any CPU
		{1D830E48-8E97-4B94-9979-26C9430D80C6}.Release|Any CPU.ActiveCfg = Release|Any CPU
		{1D830E48-8E97-4B94-9979-26C9430D80C6}.Release|Any CPU.Build.0 = Release|Any CPU
		{1FAABCD5-6749-41B7-9337-FEAF749ABBF5}.Debug|Any CPU.ActiveCfg = Debug|Any CPU
		{1FAABCD5-6749-41B7-9337-FEAF749ABBF5}.Debug|Any CPU.Build.0 = Debug|Any CPU
		{1FAABCD5-6749-41B7-9337-FEAF749ABBF5}.Release|Any CPU.ActiveCfg = Release|Any CPU
		{1FAABCD5-6749-41B7-9337-FEAF749ABBF5}.Release|Any CPU.Build.0 = Release|Any CPU
		{F7FC07DB-87D9-474A-85CF-279439F088B4}.Debug|Any CPU.ActiveCfg = Debug|Any CPU
		{F7FC07DB-87D9-474A-85CF-279439F088B4}.Debug|Any CPU.Build.0 = Debug|Any CPU
		{F7FC07DB-87D9-474A-85CF-279439F088B4}.Release|Any CPU.ActiveCfg = Release|Any CPU
		{F7FC07DB-87D9-474A-85CF-279439F088B4}.Release|Any CPU.Build.0 = Release|Any CPU
		{0AA48AE1-8BE8-4014-A940-7675E5C23FAB}.Debug|Any CPU.ActiveCfg = Debug|Any CPU
		{0AA48AE1-8BE8-4014-A940-7675E5C23FAB}.Debug|Any CPU.Build.0 = Debug|Any CPU
		{0AA48AE1-8BE8-4014-A940-7675E5C23FAB}.Release|Any CPU.ActiveCfg = Release|Any CPU
		{0AA48AE1-8BE8-4014-A940-7675E5C23FAB}.Release|Any CPU.Build.0 = Release|Any CPU
		{4F33254E-D5C2-46DC-AB1E-C5B87AD81CEC}.Debug|Any CPU.ActiveCfg = Debug|Any CPU
		{4F33254E-D5C2-46DC-AB1E-C5B87AD81CEC}.Debug|Any CPU.Build.0 = Debug|Any CPU
		{4F33254E-D5C2-46DC-AB1E-C5B87AD81CEC}.Release|Any CPU.ActiveCfg = Release|Any CPU
		{4F33254E-D5C2-46DC-AB1E-C5B87AD81CEC}.Release|Any CPU.Build.0 = Release|Any CPU
		{D518A72C-75F3-4DD0-BA5C-B63DD4FDDB98}.Debug|Any CPU.ActiveCfg = Debug|Any CPU
		{D518A72C-75F3-4DD0-BA5C-B63DD4FDDB98}.Debug|Any CPU.Build.0 = Debug|Any CPU
		{D518A72C-75F3-4DD0-BA5C-B63DD4FDDB98}.Release|Any CPU.ActiveCfg = Release|Any CPU
		{D518A72C-75F3-4DD0-BA5C-B63DD4FDDB98}.Release|Any CPU.Build.0 = Release|Any CPU
		{88C5BB6B-D8C3-496E-9CEE-7B1E1D71B91E}.Debug|Any CPU.ActiveCfg = Debug|Any CPU
		{88C5BB6B-D8C3-496E-9CEE-7B1E1D71B91E}.Debug|Any CPU.Build.0 = Debug|Any CPU
		{88C5BB6B-D8C3-496E-9CEE-7B1E1D71B91E}.Release|Any CPU.ActiveCfg = Release|Any CPU
		{88C5BB6B-D8C3-496E-9CEE-7B1E1D71B91E}.Release|Any CPU.Build.0 = Release|Any CPU
	EndGlobalSection
	GlobalSection(NestedProjects) = preSolution
		{A5FC15DC-281C-4AF1-BA63-AD783AF2EEA2} = {91587940-E5FE-4725-AC24-A112B3176499}
		{EB716AFB-A04C-4E78-94A7-7CA0AEBDA0F7} = {91587940-E5FE-4725-AC24-A112B3176499}
		{1197385F-2581-49DB-AE62-F1360BCFB559} = {91587940-E5FE-4725-AC24-A112B3176499}
		{E8DDFFBB-2CE8-40D7-B8F5-C5371281F75B} = {91587940-E5FE-4725-AC24-A112B3176499}
		{3C1A21F4-E70F-45AF-9EA9-2839C51C016D} = {91587940-E5FE-4725-AC24-A112B3176499}
		{0AFD4577-5085-4EAF-8B6E-05C03E3C7013} = {7914A753-56E6-4A2D-8A82-5AD6EEC0CE94}
		{D8B31EC9-8741-4D96-A426-63BCA2F6D0D8} = {7914A753-56E6-4A2D-8A82-5AD6EEC0CE94}
		{84B00E2C-4486-489C-AD03-D3B24427458E} = {7914A753-56E6-4A2D-8A82-5AD6EEC0CE94}
		{1D830E48-8E97-4B94-9979-26C9430D80C6} = {7914A753-56E6-4A2D-8A82-5AD6EEC0CE94}
		{1FAABCD5-6749-41B7-9337-FEAF749ABBF5} = {7914A753-56E6-4A2D-8A82-5AD6EEC0CE94}
		{F7FC07DB-87D9-474A-85CF-279439F088B4} = {91587940-E5FE-4725-AC24-A112B3176499}
		{0AA48AE1-8BE8-4014-A940-7675E5C23FAB} = {7914A753-56E6-4A2D-8A82-5AD6EEC0CE94}
		{4F33254E-D5C2-46DC-AB1E-C5B87AD81CEC} = {91587940-E5FE-4725-AC24-A112B3176499}
		{D518A72C-75F3-4DD0-BA5C-B63DD4FDDB98} = {7914A753-56E6-4A2D-8A82-5AD6EEC0CE94}
		{88C5BB6B-D8C3-496E-9CEE-7B1E1D71B91E} = {91587940-E5FE-4725-AC24-A112B3176499}
	EndGlobalSection
EndGlobal
